
Microsoft Visual Studio Solution File, Format Version 12.00
# Visual Studio Version 17
VisualStudioVersion = 17.0.31903.59
MinimumVisualStudioVersion = 10.0.40219.1
Project("{FAE04EC0-301F-11D3-BF4B-00C04F79EFBC}") = "IdentiyManagementSample", "IdentityManagementSample6.0\IdentiyManagementSample.csproj", "{CD717EDC-107F-4401-AF75-2A0AA28CFDA6}"
EndProject
Global
	GlobalSection(SolutionConfigurationPlatforms) = preSolution
		Debug|Any CPU = Debug|Any CPU
		Release|Any CPU = Release|Any CPU
	EndGlobalSection
	GlobalSection(SolutionProperties) = preSolution
		HideSolutionNode = FALSE
	EndGlobalSection
	GlobalSection(ProjectConfigurationPlatforms) = postSolution
		{CD717EDC-107F-4401-AF75-2A0AA28CFDA6}.Debug|Any CPU.ActiveCfg = Debug|Any CPU
		{CD717EDC-107F-4401-AF75-2A0AA28CFDA6}.Debug|Any CPU.Build.0 = Debug|Any CPU
		{CD717EDC-107F-4401-AF75-2A0AA28CFDA6}.Release|Any CPU.ActiveCfg = Release|Any CPU
		{CD717EDC-107F-4401-AF75-2A0AA28CFDA6}.Release|Any CPU.Build.0 = Release|Any CPU
	EndGlobalSection
EndGlobal
