
Microsoft Visual Studio Solution File, Format Version 12.00
# Visual Studio Version 17
VisualStudioVersion = 17.0.31903.59
MinimumVisualStudioVersion = 10.0.40219.1
Project("{FAE04EC0-301F-11D3-BF4B-00C04F79EFBC}") = "ConfigureSample", "ConfigureSample6.0\ConfigureSample.csproj", "{BE58D45E-2108-4223-A767-F11853BFA410}"
EndProject
Global
	GlobalSection(SolutionConfigurationPlatforms) = preSolution
		Debug|Any CPU = Debug|Any CPU
		Release|Any CPU = Release|Any CPU
	EndGlobalSection
	GlobalSection(SolutionProperties) = preSolution
		HideSolutionNode = FALSE
	EndGlobalSection
	GlobalSection(ProjectConfigurationPlatforms) = postSolution
		{BE58D45E-2108-4223-A767-F11853BFA410}.Debug|Any CPU.ActiveCfg = Debug|Any CPU
		{BE58D45E-2108-4223-A767-F11853BFA410}.Debug|Any CPU.Build.0 = Debug|Any CPU
		{BE58D45E-2108-4223-A767-F11853BFA410}.Release|Any CPU.ActiveCfg = Release|Any CPU
		{BE58D45E-2108-4223-A767-F11853BFA410}.Release|Any CPU.Build.0 = Release|Any CPU
	EndGlobalSection
EndGlobal
